
Microsoft Visual Studio Solution File, Format Version 12.00
# Visual Studio Version 16
VisualStudioVersion = 16.6.30114.105
MinimumVisualStudioVersion = 10.0.40219.1
Project("{9A19103F-16F7-4668-BE54-9A1E7A4F7556}") = "Repository", "Repository\Repository.csproj", "{DB6AC3FD-9938-47D1-9D62-1191CEC26A4E}"
EndProject
Project("{FAE04EC0-301F-11D3-BF4B-00C04F79EFBC}") = "Service", "Service\Service.csproj", "{5F488C23-429A-4F1A-9FEC-A7593F6F3B92}"
EndProject
Project("{FAE04EC0-301F-11D3-BF4B-00C04F79EFBC}") = "KitchenWeb", "KitchenWeb\KitchenWeb.csproj", "{A8B15BB7-2726-43D4-8DCB-91B5A981531C}"
EndProject
Project("{FAE04EC0-301F-11D3-BF4B-00C04F79EFBC}") = "Tests", "Tests\Tests.csproj", "{9D29B53F-27CC-4F6F-8C65-E227D2B49CC2}"
EndProject
Project("{FAE04EC0-301F-11D3-BF4B-00C04F79EFBC}") = "Models", "Models\Models.csproj", "{6E0C92E5-0546-4013-95B9-965D7CED57D5}"
EndProject
Global
	GlobalSection(SolutionConfigurationPlatforms) = preSolution
		Debug|Any CPU = Debug|Any CPU
		Debug|x64 = Debug|x64
		Debug|x86 = Debug|x86
		Release|Any CPU = Release|Any CPU
		Release|x64 = Release|x64
		Release|x86 = Release|x86
	EndGlobalSection
	GlobalSection(ProjectConfigurationPlatforms) = postSolution
		{DB6AC3FD-9938-47D1-9D62-1191CEC26A4E}.Debug|Any CPU.ActiveCfg = Debug|Any CPU
		{DB6AC3FD-9938-47D1-9D62-1191CEC26A4E}.Debug|Any CPU.Build.0 = Debug|Any CPU
		{DB6AC3FD-9938-47D1-9D62-1191CEC26A4E}.Debug|x64.ActiveCfg = Debug|Any CPU
		{DB6AC3FD-9938-47D1-9D62-1191CEC26A4E}.Debug|x64.Build.0 = Debug|Any CPU
		{DB6AC3FD-9938-47D1-9D62-1191CEC26A4E}.Debug|x86.ActiveCfg = Debug|Any CPU
		{DB6AC3FD-9938-47D1-9D62-1191CEC26A4E}.Debug|x86.Build.0 = Debug|Any CPU
		{DB6AC3FD-9938-47D1-9D62-1191CEC26A4E}.Release|Any CPU.ActiveCfg = Release|Any CPU
		{DB6AC3FD-9938-47D1-9D62-1191CEC26A4E}.Release|Any CPU.Build.0 = Release|Any CPU
		{DB6AC3FD-9938-47D1-9D62-1191CEC26A4E}.Release|x64.ActiveCfg = Release|Any CPU
		{DB6AC3FD-9938-47D1-9D62-1191CEC26A4E}.Release|x64.Build.0 = Release|Any CPU
		{DB6AC3FD-9938-47D1-9D62-1191CEC26A4E}.Release|x86.ActiveCfg = Release|Any CPU
		{DB6AC3FD-9938-47D1-9D62-1191CEC26A4E}.Release|x86.Build.0 = Release|Any CPU
		{5F488C23-429A-4F1A-9FEC-A7593F6F3B92}.Debug|Any CPU.ActiveCfg = Debug|Any CPU
		{5F488C23-429A-4F1A-9FEC-A7593F6F3B92}.Debug|Any CPU.Build.0 = Debug|Any CPU
		{5F488C23-429A-4F1A-9FEC-A7593F6F3B92}.Debug|x64.ActiveCfg = Debug|Any CPU
		{5F488C23-429A-4F1A-9FEC-A7593F6F3B92}.Debug|x64.Build.0 = Debug|Any CPU
		{5F488C23-429A-4F1A-9FEC-A7593F6F3B92}.Debug|x86.ActiveCfg = Debug|Any CPU
		{5F488C23-429A-4F1A-9FEC-A7593F6F3B92}.Debug|x86.Build.0 = Debug|Any CPU
		{5F488C23-429A-4F1A-9FEC-A7593F6F3B92}.Release|Any CPU.ActiveCfg = Release|Any CPU
		{5F488C23-429A-4F1A-9FEC-A7593F6F3B92}.Release|Any CPU.Build.0 = Release|Any CPU
		{5F488C23-429A-4F1A-9FEC-A7593F6F3B92}.Release|x64.ActiveCfg = Release|Any CPU
		{5F488C23-429A-4F1A-9FEC-A7593F6F3B92}.Release|x64.Build.0 = Release|Any CPU
		{5F488C23-429A-4F1A-9FEC-A7593F6F3B92}.Release|x86.ActiveCfg = Release|Any CPU
		{5F488C23-429A-4F1A-9FEC-A7593F6F3B92}.Release|x86.Build.0 = Release|Any CPU
		{A8B15BB7-2726-43D4-8DCB-91B5A981531C}.Debug|Any CPU.ActiveCfg = Debug|Any CPU
		{A8B15BB7-2726-43D4-8DCB-91B5A981531C}.Debug|Any CPU.Build.0 = Debug|Any CPU
		{A8B15BB7-2726-43D4-8DCB-91B5A981531C}.Debug|x64.ActiveCfg = Debug|Any CPU
		{A8B15BB7-2726-43D4-8DCB-91B5A981531C}.Debug|x64.Build.0 = Debug|Any CPU
		{A8B15BB7-2726-43D4-8DCB-91B5A981531C}.Debug|x86.ActiveCfg = Debug|Any CPU
		{A8B15BB7-2726-43D4-8DCB-91B5A981531C}.Debug|x86.Build.0 = Debug|Any CPU
		{A8B15BB7-2726-43D4-8DCB-91B5A981531C}.Release|Any CPU.ActiveCfg = Release|Any CPU
		{A8B15BB7-2726-43D4-8DCB-91B5A981531C}.Release|Any CPU.Build.0 = Release|Any CPU
		{A8B15BB7-2726-43D4-8DCB-91B5A981531C}.Release|x64.ActiveCfg = Release|Any CPU
		{A8B15BB7-2726-43D4-8DCB-91B5A981531C}.Release|x64.Build.0 = Release|Any CPU
		{A8B15BB7-2726-43D4-8DCB-91B5A981531C}.Release|x86.ActiveCfg = Release|Any CPU
		{A8B15BB7-2726-43D4-8DCB-91B5A981531C}.Release|x86.Build.0 = Release|Any CPU
		{9D29B53F-27CC-4F6F-8C65-E227D2B49CC2}.Debug|Any CPU.ActiveCfg = Debug|Any CPU
		{9D29B53F-27CC-4F6F-8C65-E227D2B49CC2}.Debug|Any CPU.Build.0 = Debug|Any CPU
		{9D29B53F-27CC-4F6F-8C65-E227D2B49CC2}.Debug|x64.ActiveCfg = Debug|Any CPU
		{9D29B53F-27CC-4F6F-8C65-E227D2B49CC2}.Debug|x64.Build.0 = Debug|Any CPU
		{9D29B53F-27CC-4F6F-8C65-E227D2B49CC2}.Debug|x86.ActiveCfg = Debug|Any CPU
		{9D29B53F-27CC-4F6F-8C65-E227D2B49CC2}.Debug|x86.Build.0 = Debug|Any CPU
		{9D29B53F-27CC-4F6F-8C65-E227D2B49CC2}.Release|Any CPU.ActiveCfg = Release|Any CPU
		{9D29B53F-27CC-4F6F-8C65-E227D2B49CC2}.Release|Any CPU.Build.0 = Release|Any CPU
		{9D29B53F-27CC-4F6F-8C65-E227D2B49CC2}.Release|x64.ActiveCfg = Release|Any CPU
		{9D29B53F-27CC-4F6F-8C65-E227D2B49CC2}.Release|x64.Build.0 = Release|Any CPU
		{9D29B53F-27CC-4F6F-8C65-E227D2B49CC2}.Release|x86.ActiveCfg = Release|Any CPU
		{9D29B53F-27CC-4F6F-8C65-E227D2B49CC2}.Release|x86.Build.0 = Release|Any CPU
		{6E0C92E5-0546-4013-95B9-965D7CED57D5}.Debug|Any CPU.ActiveCfg = Debug|Any CPU
		{6E0C92E5-0546-4013-95B9-965D7CED57D5}.Debug|Any CPU.Build.0 = Debug|Any CPU
		{6E0C92E5-0546-4013-95B9-965D7CED57D5}.Debug|x64.ActiveCfg = Debug|Any CPU
		{6E0C92E5-0546-4013-95B9-965D7CED57D5}.Debug|x64.Build.0 = Debug|Any CPU
		{6E0C92E5-0546-4013-95B9-965D7CED57D5}.Debug|x86.ActiveCfg = Debug|Any CPU
		{6E0C92E5-0546-4013-95B9-965D7CED57D5}.Debug|x86.Build.0 = Debug|Any CPU
		{6E0C92E5-0546-4013-95B9-965D7CED57D5}.Release|Any CPU.ActiveCfg = Release|Any CPU
		{6E0C92E5-0546-4013-95B9-965D7CED57D5}.Release|Any CPU.Build.0 = Release|Any CPU
		{6E0C92E5-0546-4013-95B9-965D7CED57D5}.Release|x64.ActiveCfg = Release|Any CPU
		{6E0C92E5-0546-4013-95B9-965D7CED57D5}.Release|x64.Build.0 = Release|Any CPU
		{6E0C92E5-0546-4013-95B9-965D7CED57D5}.Release|x86.ActiveCfg = Release|Any CPU
		{6E0C92E5-0546-4013-95B9-965D7CED57D5}.Release|x86.Build.0 = Release|Any CPU
	EndGlobalSection
	GlobalSection(SolutionProperties) = preSolution
		HideSolutionNode = FALSE
	EndGlobalSection
	GlobalSection(ExtensibilityGlobals) = postSolution
		SolutionGuid = {67ED3076-D34B-4EEE-B645-583E02341C53}
	EndGlobalSection
EndGlobal
